lockfileVersion: 5.3

importers:

  packages/core:
    specifiers:
      '@munan-cli/utils': workspace:^1.0.4
      '@types/minimist': ^1.2.2
      '@types/semver': ^7.3.10
      '@types/user-home': ^2.0.0
      colors: ^1.4.0
      commander: ^9.3.0
      dotenv: ^16.0.1
      downgrade-root: ^2.0.0
      minimist: ^1.2.6
      semver: ^7.3.7
      user-home: ^3.0.0
    dependencies:
      '@munan-cli/utils': link:../utils
      colors: 1.4.0
      commander: 9.3.0
      dotenv: 16.0.1
      downgrade-root: 2.0.0
      minimist: 1.2.6
      semver: 7.3.7
      user-home: 3.0.0
    devDependencies:
      '@types/minimist': 1.2.2
      '@types/semver': 7.3.10
      '@types/user-home': 2.0.0

packages:

  /@types/minimist/1.2.2:
    resolution: {integrity: sha512-jhuKLIRrhvCPLqwPcx6INqmKeiA5EWrsCOPhrlFSrbrmU4ZMPjj5Ul/oLCMDO98XRUIwVm78xICz4EPCektzeQ==}
    dev: true

  /@types/semver/7.3.10:
    resolution: {integrity: sha512-zsv3fsC7S84NN6nPK06u79oWgrPVd0NvOyqgghV1haPaFcVxIrP4DLomRwGAXk0ui4HZA7mOcSFL98sMVW9viw==}
    dev: true

  /@types/user-home/2.0.0:
    resolution: {integrity: sha512-Oppqhtsz4qx9nvNTOAv+EqL8j/di9BxP0PXL46Dy/gHM3jMGqEHllUk3wqdOKHwg266TFCqQDca80ROR+9iZSg==}
    dev: true

  /colors/1.4.0:
    resolution: {integrity: sha512-a+UqTh4kgZg/SlGvfbzDHpgRu7AAQOmmqRHJnxhRZICKFUT91brVhNNt58CMWU9PsBbv3PDCZUHbVxuDiH2mtA==}
    engines: {node: '>=0.1.90'}
    dev: false

  /commander/9.3.0:
    resolution: {integrity: sha512-hv95iU5uXPbK83mjrJKuZyFM/LBAoCV/XhVGkS5Je6tl7sxr6A0ITMw5WoRV46/UaJ46Nllm3Xt7IaJhXTIkzw==}
    engines: {node: ^12.20.0 || >=14}
    dev: false

  /default-uid/2.0.0:
    resolution: {integrity: sha512-aMYTP7vinmUN/dR5n9JUNCB85jy+N+41jx53lMzR6DyGE6NeVPIxCPGbWjDYVNjz6Ei8C9hyeYAfuxVOe3UdsQ==}
    engines: {node: '>=12'}
    dev: false

  /dotenv/16.0.1:
    resolution: {integrity: sha512-1K6hR6wtk2FviQ4kEiSjFiH5rpzEVi8WW0x96aztHVMhEspNpc4DVOUTEHtEva5VThQ8IaBX1Pe4gSzpVVUsKQ==}
    engines: {node: '>=12'}
    dev: false

  /downgrade-root/2.0.0:
    resolution: {integrity: sha512-tke0knZzG76FThh9diBex027u3qsoXv6PKZDva1fsEuqlzlstkcyoJgdHE/wQc2nBU1rnUcmhMUnQA3gucXc0Q==}
    engines: {node: '>=12'}
    dependencies:
      default-uid: 2.0.0
      is-root: 3.0.0
    dev: false

  /is-root/3.0.0:
    resolution: {integrity: sha512-C13bL54yQdgniduW8KFe81ttgQINcwMgil/zyNuDzr/xjIyDMkcvcc9dON62RH9VBAHOI7le+lTo/U3PY3irwg==}
    engines: {node: '>=12'}
    dev: false

  /lru-cache/6.0.0:
    resolution: {integrity: sha512-Jo6dJ04CmSjuznwJSS3pUeWmd/H0ffTlkXXgwZi+eq1UCmqQwCh+eLsYOYCwY991i2Fah4h1BEMCx4qThGbsiA==}
    engines: {node: '>=10'}
    dependencies:
      yallist: 4.0.0
    dev: false

  /minimist/1.2.6:
    resolution: {integrity: sha512-Jsjnk4bw3YJqYzbdyBiNsPWHPfO++UGG749Cxs6peCu5Xg4nrena6OVxOYxrQTqww0Jmwt+Ref8rggumkTLz9Q==}
    dev: false

  /os-homedir/1.0.2:
    resolution: {integrity: sha512-B5JU3cabzk8c67mRRd3ECmROafjYMXbuzlwtqdM8IbS8ktlTix8aFGb2bAGKrSRIlnfKwovGUUr72JUPyOb6kQ==}
    engines: {node: '>=0.10.0'}
    dev: false

  /semver/7.3.7:
    resolution: {integrity: sha512-QlYTucUYOews+WeEujDoEGziz4K6c47V/Bd+LjSSYcA94p+DmINdf7ncaUinThfvZyu13lN9OY1XDxt8C0Tw0g==}
    engines: {node: '>=10'}
    hasBin: true
    dependencies:
      lru-cache: 6.0.0
    dev: false

  /user-home/3.0.0:
    resolution: {integrity: sha512-kHp9sWxeB+EVTcVytDrGLVKgVVN1LoLiIZTwCDcvYNjIu9q7tUOXZoTv0mXjmvFvUju4J9v+RkFGHdTMx8ncmQ==}
    engines: {node: '>=0.10.0'}
    deprecated: Deprecated. Just use `import {homedir} from os;`.
    dependencies:
      os-homedir: 1.0.2
    dev: false

  /yallist/4.0.0:
    resolution: {integrity: sha512-3wdGidZyq5PB084XLES5TpOSRA3wjXAlIWMhum2kRcv/41Sn2emQ0dycQW4uZXLejwKvg6EsvbdlVL+FYEct7A==}
    dev: false
